{
    "name": "dungeoneer",
    "lockfileVersion": 3,
    "requires": true,
    "packages": {
        "": {
            "name": "dungeoneer",
            "workspaces": [
                "packages/*"
            ]
        },
        "node_modules/@dungeoneer/core": {
            "resolved": "packages/core",
            "link": true
        },
        "node_modules/@dungeoneer/renderer": {
            "resolved": "packages/renderer",
            "link": true
        },
        "node_modules/chalk": {
            "version": "5.6.2",
            "resolved": "https://registry.npmjs.org/chalk/-/chalk-5.6.2.tgz",
            "integrity": "sha512-7NzBL0rN6fMUW+f7A6Io4h40qQlG+xGmtMxfbnH/K7TAtt8JQWVQK+6g0UXKMeVJoyV5EkkNsErQ8pVD3bLHbA==",
            "license": "MIT",
            "engines": {
                "node": "^12.17.0 || ^14.13 || >=16.0.0"
            },
            "funding": {
                "url": "https://github.com/chalk/chalk?sponsor=1"
            }
        },
        "packages/core": {
            "name": "@dungeoneer/core",
            "version": "0.1.0"
        },
        "packages/renderer": {
            "name": "@dungeoneer/renderer",
            "version": "0.1.0",
            "dependencies": {
                "@dungeoneer/core": "*",
                "chalk": "^5.3.0"
            }
        }
    }
}
